{
  "version": 4,
  "terraform_version": "1.13.4",
  "serial": 3,
  "lineage": "c18b2122-5a1a-653d-84d7-f1dbc6686a04",
  "outputs": {},
  "resources": [
    {
      "mode": "managed",
      "type": "aws_budgets_budget",
      "name": "ec2",
      "provider": "provider[\"registry.terraform.io/hashicorp/aws\"]",
      "instances": [
        {
          "schema_version": 0,
          "attributes": {
            "account_id": "671447346578",
            "arn": "arn:aws:budgets::671447346578:budget/budget-ec2-monthly",
            "auto_adjust_data": [],
            "billing_view_arn": "",
            "budget_type": "COST",
            "cost_filter": [],
            "cost_types": [
              {
                "include_credit": true,
                "include_discount": true,
                "include_other_subscription": true,
                "include_recurring": true,
                "include_refund": true,
                "include_subscription": true,
                "include_support": true,
                "include_tax": true,
                "include_upfront": true,
                "use_amortized": false,
                "use_blended": false
              }
            ],
            "id": "671447346578:budget-ec2-monthly",
            "limit_amount": "0.5",
            "limit_unit": "USD",
            "name": "budget-ec2-monthly",
            "name_prefix": "",
            "notification": [],
            "planned_limit": [],
            "tags": {},
            "tags_all": {},
            "time_period_end": "2087-06-15_00:00",
            "time_period_start": "2017-07-01_00:00",
            "time_unit": "MONTHLY"
          },
          "sensitive_attributes": [],
          "identity_schema_version": 0,
          "private": "bnVsbA=="
        }
      ]
    }
  ],
  "check_results": null
}
